
Microsoft Visual Studio Solution File, Format Version 12.00
# Visual Studio Version 17
VisualStudioVersion = 17.13.35825.156
MinimumVisualStudioVersion = 10.0.40219.1
Project("{FAE04EC0-301F-11D3-BF4B-00C04F79EFBC}") = "ERP3", "ERP3\ERP3.csproj", "{3C4888E6-9A16-4114-8206-0F42BE53F491}"
EndProject
Global
	GlobalSection(SolutionConfigurationPlatforms) = preSolution
		Debug|Any CPU = Debug|Any CPU
		Release|Any CPU = Release|Any CPU
	EndGlobalSection
	GlobalSection(ProjectConfigurationPlatforms) = postSolution
		{3C4888E6-9A16-4114-8206-0F42BE53F491}.Debug|Any CPU.ActiveCfg = Debug|Any CPU
		{3C4888E6-9A16-4114-8206-0F42BE53F491}.Debug|Any CPU.Build.0 = Debug|Any CPU
		{3C4888E6-9A16-4114-8206-0F42BE53F491}.Release|Any CPU.ActiveCfg = Release|Any CPU
		{3C4888E6-9A16-4114-8206-0F42BE53F491}.Release|Any CPU.Build.0 = Release|Any CPU
	EndGlobalSection
	GlobalSection(SolutionProperties) = preSolution
		HideSolutionNode = FALSE
	EndGlobalSection
	GlobalSection(ExtensibilityGlobals) = postSolution
		SolutionGuid = {457D68FB-C47C-4CD8-BCF3-84F5948F9FF5}
	EndGlobalSection
EndGlobal
